version: "1.0"
dependencies:
    kube-apiserver:
        version: v1.34.1
        version_command: --version
        version_pattern: GitVersion:"v(\d+\.\d+\.\d+)"
        platforms:
            darwin-amd64:
                url: https://github.com/kubernetes-sigs/controller-tools/releases/download/envtest-v1.34.1/envtest-v1.34.1-darwin-amd64.tar.gz
                checksum: sha256:84d47d6c3a2fa4d14571249b4cccfafad1eb77087bb680693553b438b8ec8c43
                size: 53017836
                archive: true
                binary_path: controller-tools/envtest/kube-apiserver
            darwin-arm64:
                url: https://github.com/kubernetes-sigs/controller-tools/releases/download/envtest-v1.34.1/envtest-v1.34.1-darwin-arm64.tar.gz
                checksum: sha256:f25c213bc88582750935b370fa2c6108f0259b9c8f59ece5a82345d48858fc7d
                size: 49268801
                archive: true
                binary_path: controller-tools/envtest/kube-apiserver
        github:
            repo: kubernetes/kubernetes
            tag: v1.34.1
            checksum_file: |
                os == "linux" ? "{{.asset}}.sha256" : "https://raw.githubusercontent.com/kubernetes-sigs/controller-tools/master/envtest-releases.yaml"
    svu:
        version: v3.2.4
        version_command: --version
        version_pattern: svu\s+version\s+v?(\d+\.\d+\.\d+)
        platforms:
            darwin-amd64:
                url: https://github.com/caarlos0/svu/releases/download/v3.2.4/svu_3.2.4_darwin_all.tar.gz
                checksum: sha256:e5664b4de41c6696358bd456f5283e86f0bd30e65ab65faad349293d804f088e
                size: 6218859
                archive: true
                binary_path: svu
            darwin-arm64:
                url: https://github.com/caarlos0/svu/releases/download/v3.2.4/svu_3.2.4_darwin_all.tar.gz
                checksum: sha256:e5664b4de41c6696358bd456f5283e86f0bd30e65ab65faad349293d804f088e
                size: 6218859
                archive: true
                binary_path: svu
        github:
            repo: caarlos0/svu
            tag: v3.2.4
generated: 2025-09-30T12:21:37.314175+03:00
current_platform:
    os: darwin
    arch: arm64
