version: "1.0"
dependencies:
    jq:
        version: 1.8.0
        version_command: --version
        version_pattern: jq-(\d+\.\d+)
        platforms:
            darwin-arm64:
                url: https://github.com/jqlang/jq/releases/download/jq-1.8.0/jq-macos-arm64
                checksum: sha256:sha256:aaf1efbb376d6e3eaf61f63807c32c1df519f5857dfc4f581826fa2df4b715ae
        github:
            repo: jqlang/jq
            tag: 1.8.0
    yq:
        version: v4.16.2
        version_command: --version
        version_pattern: yq\s+.*version\s+v?(\d+\.\d+\.\d+)
        platforms:
            darwin-arm64:
                url: https://github.com/mikefarah/yq/releases/download/v4.16.2/yq_darwin_arm64
                checksum: sha256:18cf1bb7c0afd8d4d2d2de277b0f71fc6234f481b147f5ce06464e2ab863a7c5
                size: 8240450
        github:
            repo: mikefarah/yq
            tag: v4.16.2
            checksum_file: checksums,checksums_hashes_order
generated: 2025-10-16T13:34:13.024452+03:00
current_platform:
    os: darwin
    arch: arm64
